{
    "requires": true,
    "lockfileVersion": 1,
    "dependencies": {
        "jquery-lazyload-any": {
            "version": "0.3.1",
            "resolved": "https://registry.npmjs.org/jquery-lazyload-any/-/jquery-lazyload-any-0.3.1.tgz",
            "integrity": "sha512-OxfglqO5tHf95xBswhyVDBsJqZ7fFtQB/V4fZ0NegpKK4kUfdIZze2pCBQxUnvBh64t1i+TfJ1ez611168Fnxg=="
        },
        "push.js": {
            "version": "1.0.12",
            "resolved": "https://registry.npmjs.org/push.js/-/push.js-1.0.12.tgz",
            "integrity": "sha512-Mo/zkrPD58hcbMvC/9WveUPGz0PJ4T5UwQJP6DnMYbyxe7b1xM/9qqmJTMmDcprbZjCtLzf9wWtek7gA8O9QBw=="
        }
    }
}
